// !$*UTF8*$!
{
	archiveVersion = 1;
	classes = {
	};
	objectVersion = 46;
	objects = {

/* Begin PBXBuildFile section */
		077972A61F39BB3C0078857E /* main.m in Sources */ = {isa = PBXBuildFile; fileRef = 077972A51F39BB3C0078857E /* main.m */; };
		077972A91F39BB3C0078857E /* AppDelegate.m in Sources */ = {isa = PBXBuildFile; fileRef = 077972A81F39BB3C0078857E /* AppDelegate.m */; };
		077972AC1F39BB3C0078857E /* MasterViewController.m in Sources */ = {isa = PBXBuildFile; fileRef = 077972AB1F39BB3C0078857E /* MasterViewController.m */; };
		077972B21F39BB3C0078857E /* Main.storyboard in Resources */ = {isa = PBXBuildFile; fileRef = 077972B01F39BB3C0078857E /* Main.storyboard */; };
		077972B41F39BB3C0078857E /* Assets.xcassets in Resources */ = {isa = PBXBuildFile; fileRef = 077972B31F39BB3C0078857E /* Assets.xcassets */; };
		077972B71F39BB3C0078857E /* LaunchScreen.storyboard in Resources */ = {isa = PBXBuildFile; fileRef = 077972B51F39BB3C0078857E /* LaunchScreen.storyboard */; };
		077972C11F39BCA10078857E /* SSTwitterAPIClient.m in Sources */ = {isa = PBXBuildFile; fileRef = 077972C01F39BCA10078857E /* SSTwitterAPIClient.m */; };
		077972C51F3A54EC0078857E /* SSTwitt.m in Sources */ = {isa = PBXBuildFile; fileRef = 077972C41F3A54EC0078857E /* SSTwitt.m */; };
		96E73A575655007B3E4FDC80 /* libPods-OAuthTest.a in Frameworks */ = {isa = PBXBuildFile; fileRef = C15247711AAFADC939FEC191 /* libPods-OAuthTest.a */; };
/* End PBXBuildFile section */

/* Begin PBXFileReference section */
		077972A11F39BB3C0078857E /* OAuthTest.app */ = {isa = PBXFileReference; explicitFileType = wrapper.application; includeInIndex = 0; path = OAuthTest.app; sourceTree = BUILT_PRODUCTS_DIR; };
		077972A51F39BB3C0078857E /* main.m */ = {isa = PBXFileReference; lastKnownFileType = sourcecode.c.objc; path = main.m; sourceTree = "<group>"; };
		077972A71F39BB3C0078857E /* AppDelegate.h */ = {isa = PBXFileReference; lastKnownFileType = sourcecode.c.h; path = AppDelegate.h; sourceTree = "<group>"; };
		077972A81F39BB3C0078857E /* AppDelegate.m */ = {isa = PBXFileReference; lastKnownFileType = sourcecode.c.objc; path = AppDelegate.m; sourceTree = "<group>"; };
		077972AA1F39BB3C0078857E /* MasterViewController.h */ = {isa = PBXFileReference; lastKnownFileType = sourcecode.c.h; path = MasterViewController.h; sourceTree = "<group>"; };
		077972AB1F39BB3C0078857E /* MasterViewController.m */ = {isa = PBXFileReference; lastKnownFileType = sourcecode.c.objc; path = MasterViewController.m; sourceTree = "<group>"; };
		077972B11F39BB3C0078857E /* Base */ = {isa = PBXFileReference; lastKnownFileType = file.storyboard; name = Base; path = Base.lproj/Main.storyboard; sourceTree = "<group>"; };
		077972B31F39BB3C0078857E /* Assets.xcassets */ = {isa = PBXFileReference; lastKnownFileType = folder.assetcatalog; path = Assets.xcassets; sourceTree = "<group>"; };
		077972B61F39BB3C0078857E /* Base */ = {isa = PBXFileReference; lastKnownFileType = file.storyboard; name = Base; path = Base.lproj/LaunchScreen.storyboard; sourceTree = "<group>"; };
		077972B81F39BB3C0078857E /* Info.plist */ = {isa = PBXFileReference; lastKnownFileType = text.plist.xml; path = Info.plist; sourceTree = "<group>"; };
		077972BF1F39BCA10078857E /* SSTwitterAPIClient.h */ = {isa = PBXFileReference; fileEncoding = 4; lastKnownFileType = sourcecode.c.h; name = SSTwitterAPIClient.h; path = "Twitter API Client/SSTwitterAPIClient.h"; sourceTree = "<group>"; };
		077972C01F39BCA10078857E /* SSTwitterAPIClient.m */ = {isa = PBXFileReference; fileEncoding = 4; lastKnownFileType = sourcecode.c.objc; name = SSTwitterAPIClient.m; path = "Twitter API Client/SSTwitterAPIClient.m"; sourceTree = "<group>"; };
		077972C31F3A54EC0078857E /* SSTwitt.h */ = {isa = PBXFileReference; fileEncoding = 4; lastKnownFileType = sourcecode.c.h; name = SSTwitt.h; path = Model/SSTwitt.h; sourceTree = "<group>"; };
		077972C41F3A54EC0078857E /* SSTwitt.m */ = {isa = PBXFileReference; fileEncoding = 4; lastKnownFileType = sourcecode.c.objc; name = SSTwitt.m; path = Model/SSTwitt.m; sourceTree = "<group>"; };
		3688C3231C7C635656E9CD2D /* Pods-OAuthTest.release.xcconfig */ = {isa = PBXFileReference; includeInIndex = 1; lastKnownFileType = text.xcconfig; name = "Pods-OAuthTest.release.xcconfig"; path = "Pods/Target Support Files/Pods-OAuthTest/Pods-OAuthTest.release.xcconfig"; sourceTree = "<group>"; };
		53BA529FF2D735C39A4D4389 /* Pods-OAuthTest.debug.xcconfig */ = {isa = PBXFileReference; includeInIndex = 1; lastKnownFileType = text.xcconfig; name = "Pods-OAuthTest.debug.xcconfig"; path = "Pods/Target Support Files/Pods-OAuthTest/Pods-OAuthTest.debug.xcconfig"; sourceTree = "<group>"; };
		C15247711AAFADC939FEC191 /* libPods-OAuthTest.a */ = {isa = PBXFileReference; explicitFileType = archive.ar; includeInIndex = 0; path = "libPods-OAuthTest.a"; sourceTree = BUILT_PRODUCTS_DIR; };
/* End PBXFileReference section */

/* Begin PBXFrameworksBuildPhase section */
		0779729E1F39BB3C0078857E /* Frameworks */ = {
			isa = PBXFrameworksBuildPhase;
			buildActionMask = 2147483647;
			files = (
				96E73A575655007B3E4FDC80 /* libPods-OAuthTest.a in Frameworks */,
			);
			runOnlyForDeploymentPostprocessing = 0;
		};
/* End PBXFrameworksBuildPhase section */

/* Begin PBXGroup section */
		077972981F39BB3C0078857E = {
			isa = PBXGroup;
			children = (
				077972A31F39BB3C0078857E /* OAuthTest */,
				077972A21F39BB3C0078857E /* Products */,
				F3A29899CF309FD533EC2CEC /* Pods */,
				F9500C1684223389AA77135E /* Frameworks */,
			);
			sourceTree = "<group>";
		};
		077972A21F39BB3C0078857E /* Products */ = {
			isa = PBXGroup;
			children = (
				077972A11F39BB3C0078857E /* OAuthTest.app */,
			);
			name = Products;
			sourceTree = "<group>";
		};
		077972A31F39BB3C0078857E /* OAuthTest */ = {
			isa = PBXGroup;
			children = (
				077972C21F3A54D10078857E /* Model */,
				077972BE1F39BC6B0078857E /* Twitter API Client */,
				077972A71F39BB3C0078857E /* AppDelegate.h */,
				077972A81F39BB3C0078857E /* AppDelegate.m */,
				077972AA1F39BB3C0078857E /* MasterViewController.h */,
				077972AB1F39BB3C0078857E /* MasterViewController.m */,
				077972B01F39BB3C0078857E /* Main.storyboard */,
				077972B31F39BB3C0078857E /* Assets.xcassets */,
				077972B51F39BB3C0078857E /* LaunchScreen.storyboard */,
				077972B81F39BB3C0078857E /* Info.plist */,
				077972A41F39BB3C0078857E /* Supporting Files */,
			);
			path = OAuthTest;
			sourceTree = "<group>";
		};
		077972A41F39BB3C0078857E /* Supporting Files */ = {
			isa = PBXGroup;
			children = (
				077972A51F39BB3C0078857E /* main.m */,
			);
			name = "Supporting Files";
			sourceTree = "<group>";
		};
		077972BE1F39BC6B0078857E /* Twitter API Client */ = {
			isa = PBXGroup;
			children = (
				077972BF1F39BCA10078857E /* SSTwitterAPIClient.h */,
				077972C01F39BCA10078857E /* SSTwitterAPIClient.m */,
			);
			name = "Twitter API Client";
			sourceTree = "<group>";
		};
		077972C21F3A54D10078857E /* Model */ = {
			isa = PBXGroup;
			children = (
				077972C31F3A54EC0078857E /* SSTwitt.h */,
				077972C41F3A54EC0078857E /* SSTwitt.m */,
			);
			name = Model;
			sourceTree = "<group>";
		};
		F3A29899CF309FD533EC2CEC /* Pods */ = {
			isa = PBXGroup;
			children = (
				53BA529FF2D735C39A4D4389 /* Pods-OAuthTest.debug.xcconfig */,
				3688C3231C7C635656E9CD2D /* Pods-OAuthTest.release.xcconfig */,
			);
			name = Pods;
			sourceTree = "<group>";
		};
		F9500C1684223389AA77135E /* Frameworks */ = {
			isa = PBXGroup;
			children = (
				C15247711AAFADC939FEC191 /* libPods-OAuthTest.a */,
			);
			name = Frameworks;
			sourceTree = "<group>";
		};
/* End PBXGroup section */

/* Begin PBXNativeTarget section */
		077972A01F39BB3C0078857E /* OAuthTest */ = {
			isa = PBXNativeTarget;
			buildConfigurationList = 077972BB1F39BB3C0078857E /* Build configuration list for PBXNativeTarget "OAuthTest" */;
			buildPhases = (
				740F3F649ED44649242F0C78 /* [CP] Check Pods Manifest.lock */,
				0779729D1F39BB3C0078857E /* Sources */,
				0779729E1F39BB3C0078857E /* Frameworks */,
				0779729F1F39BB3C0078857E /* Resources */,
				0A2A8448EDA189337A3BCBDD /* [CP] Embed Pods Frameworks */,
				643C8A6127862DD684B97071 /* [CP] Copy Pods Resources */,
			);
			buildRules = (
			);
			dependencies = (
			);
			name = OAuthTest;
			productName = OAuthTest;
			productReference = 077972A11F39BB3C0078857E /* OAuthTest.app */;
			productType = "com.apple.product-type.application";
		};
/* End PBXNativeTarget section */

/* Begin PBXProject section */
		077972991F39BB3C0078857E /* Project object */ = {
			isa = PBXProject;
			attributes = {
				LastUpgradeCheck = 0830;
				ORGANIZATIONNAME = sergey;
				TargetAttributes = {
					077972A01F39BB3C0078857E = {
						CreatedOnToolsVersion = 8.3.3;
						ProvisioningStyle = Automatic;
					};
				};
			};
			buildConfigurationList = 0779729C1F39BB3C0078857E /* Build configuration list for PBXProject "OAuthTest" */;
			compatibilityVersion = "Xcode 3.2";
			developmentRegion = English;
			hasScannedForEncodings = 0;
			knownRegions = (
				en,
				Base,
			);
			mainGroup = 077972981F39BB3C0078857E;
			productRefGroup = 077972A21F39BB3C0078857E /* Products */;
			projectDirPath = "";
			projectRoot = "";
			targets = (
				077972A01F39BB3C0078857E /* OAuthTest */,
			);
		};
/* End PBXProject section */

/* Begin PBXResourcesBuildPhase section */
		0779729F1F39BB3C0078857E /* Resources */ = {
			isa = PBXResourcesBuildPhase;
			buildActionMask = 2147483647;
			files = (
				077972B71F39BB3C0078857E /* LaunchScreen.storyboard in Resources */,
				077972B41F39BB3C0078857E /* Assets.xcassets in Resources */,
				077972B21F39BB3C0078857E /* Main.storyboard in Resources */,
			);
			runOnlyForDeploymentPostprocessing = 0;
		};
/* End PBXResourcesBuildPhase section */

/* Begin PBXShellScriptBuildPhase section */
		0A2A8448EDA189337A3BCBDD /* [CP] Embed Pods Frameworks */ = {
			isa = PBXShellScriptBuildPhase;
			buildActionMask = 2147483647;
			files = (
			);
			inputPaths = (
			);
			name = "[CP] Embed Pods Frameworks";
			outputPaths = (
			);
			runOnlyForDeploymentPostprocessing = 0;
			shellPath = /bin/sh;
			shellScript = "\"${SRCROOT}/Pods/Target Support Files/Pods-OAuthTest/Pods-OAuthTest-frameworks.sh\"\n";
			showEnvVarsInLog = 0;
		};
		643C8A6127862DD684B97071 /* [CP] Copy Pods Resources */ = {
			isa = PBXShellScriptBuildPhase;
			buildActionMask = 2147483647;
			files = (
			);
			inputPaths = (
			);
			name = "[CP] Copy Pods Resources";
			outputPaths = (
			);
			runOnlyForDeploymentPostprocessing = 0;
			shellPath = /bin/sh;
			shellScript = "\"${SRCROOT}/Pods/Target Support Files/Pods-OAuthTest/Pods-OAuthTest-resources.sh\"\n";
			showEnvVarsInLog = 0;
		};
		740F3F649ED44649242F0C78 /* [CP] Check Pods Manifest.lock */ = {
			isa = PBXShellScriptBuildPhase;
			buildActionMask = 2147483647;
			files = (
			);
			inputPaths = (
			);
			name = "[CP] Check Pods Manifest.lock";
			outputPaths = (
			);
			runOnlyForDeploymentPostprocessing = 0;
			shellPath = /bin/sh;
			shellScript = "diff \"${PODS_PODFILE_DIR_PATH}/Podfile.lock\" \"${PODS_ROOT}/Manifest.lock\" > /dev/null\nif [ $? != 0 ] ; then\n    # print error to STDERR\n    echo \"error: The sandbox is not in sync with the Podfile.lock. Run 'pod install' or update your CocoaPods installation.\" >&2\n    exit 1\nfi\n";
			showEnvVarsInLog = 0;
		};
/* End PBXShellScriptBuildPhase section */

/* Begin PBXSourcesBuildPhase section */
		0779729D1F39BB3C0078857E /* Sources */ = {
			isa = PBXSourcesBuildPhase;
			buildActionMask = 2147483647;
			files = (
				077972C51F3A54EC0078857E /* SSTwitt.m in Sources */,
				077972A91F39BB3C0078857E /* AppDelegate.m in Sources */,
				077972AC1F39BB3C0078857E /* MasterViewController.m in Sources */,
				077972A61F39BB3C0078857E /* main.m in Sources */,
				077972C11F39BCA10078857E /* SSTwitterAPIClient.m in Sources */,
			);
			runOnlyForDeploymentPostprocessing = 0;
		};
/* End PBXSourcesBuildPhase section */

/* Begin PBXVariantGroup section */
		077972B01F39BB3C0078857E /* Main.storyboard */ = {
			isa = PBXVariantGroup;
			children = (
				077972B11F39BB3C0078857E /* Base */,
			);
			name = Main.storyboard;
			sourceTree = "<group>";
		};
		077972B51F39BB3C0078857E /* LaunchScreen.storyboard */ = {
			isa = PBXVariantGroup;
			children = (
				077972B61F39BB3C0078857E /* Base */,
			);
			name = LaunchScreen.storyboard;
			sourceTree = "<group>";
		};
/* End PBXVariantGroup section */

/* Begin XCBuildConfiguration section */
		077972B91F39BB3C0078857E /* Debug */ = {
			isa = XCBuildConfiguration;
			buildSettings = {
				ALWAYS_SEARCH_USER_PATHS = NO;
				CLANG_ANALYZER_NONNULL = YES;
				CLANG_ANALYZER_NUMBER_OBJECT_CONVERSION = YES_AGGRESSIVE;
				CLANG_CXX_LANGUAGE_STANDARD = "gnu++0x";
				CLANG_CXX_LIBRARY = "libc++";
				CLANG_ENABLE_MODULES = YES;
				CLANG_ENABLE_OBJC_ARC = YES;
				CLANG_WARN_BOOL_CONVERSION = YES;
				CLANG_WARN_CONSTANT_CONVERSION = YES;
				CLANG_WARN_DIRECT_OBJC_ISA_USAGE = YES_ERROR;
				CLANG_WARN_DOCUMENTATION_COMMENTS = YES;
				CLANG_WARN_EMPTY_BODY = YES;
				CLANG_WARN_ENUM_CONVERSION = YES;
				CLANG_WARN_INFINITE_RECURSION = YES;
				CLANG_WARN_INT_CONVERSION = YES;
				CLANG_WARN_OBJC_ROOT_CLASS = YES_ERROR;
				CLANG_WARN_SUSPICIOUS_MOVE = YES;
				CLANG_WARN_UNREACHABLE_CODE = YES;
				CLANG_WARN__DUPLICATE_METHOD_MATCH = YES;
				"CODE_SIGN_IDENTITY[sdk=iphoneos*]" = "iPhone Developer";
				COPY_PHASE_STRIP = NO;
				DEBUG_INFORMATION_FORMAT = dwarf;
				ENABLE_STRICT_OBJC_MSGSEND = YES;
				ENABLE_TESTABILITY = YES;
				GCC_C_LANGUAGE_STANDARD = gnu99;
				GCC_DYNAMIC_NO_PIC = NO;
				GCC_NO_COMMON_BLOCKS = YES;
				GCC_OPTIMIZATION_LEVEL = 0;
				GCC_PREPROCESSOR_DEFINITIONS = (
					"DEBUG=1",
					"$(inherited)",
				);
				GCC_WARN_64_TO_32_BIT_CONVERSION = YES;
				GCC_WARN_ABOUT_RETURN_TYPE = YES_ERROR;
				GCC_WARN_UNDECLARED_SELECTOR = YES;
				GCC_WARN_UNINITIALIZED_AUTOS = YES_AGGRESSIVE;
				GCC_WARN_UNUSED_FUNCTION = YES;
				GCC_WARN_UNUSED_VARIABLE = YES;
				IPHONEOS_DEPLOYMENT_TARGET = 10.3;
				MTL_ENABLE_DEBUG_INFO = YES;
				ONLY_ACTIVE_ARCH = YES;
				SDKROOT = iphoneos;
			};
			name = Debug;
		};
		077972BA1F39BB3C0078857E /* Release */ = {
			isa = XCBuildConfiguration;
			buildSettings = {
				ALWAYS_SEARCH_USER_PATHS = NO;
				CLANG_ANALYZER_NONNULL = YES;
				CLANG_ANALYZER_NUMBER_OBJECT_CONVERSION = YES_AGGRESSIVE;
				CLANG_CXX_LANGUAGE_STANDARD = "gnu++0x";
				CLANG_CXX_LIBRARY = "libc++";
				CLANG_ENABLE_MODULES = YES;
				CLANG_ENABLE_OBJC_ARC = YES;
				CLANG_WARN_BOOL_CONVERSION = YES;
				CLANG_WARN_CONSTANT_CONVERSION = YES;
				CLANG_WARN_DIRECT_OBJC_ISA_USAGE = YES_ERROR;
				CLANG_WARN_DOCUMENTATION_COMMENTS = YES;
				CLANG_WARN_EMPTY_BODY = YES;
				CLANG_WARN_ENUM_CONVERSION = YES;
				CLANG_WARN_INFINITE_RECURSION = YES;
				CLANG_WARN_INT_CONVERSION = YES;
				CLANG_WARN_OBJC_ROOT_CLASS = YES_ERROR;
				CLANG_WARN_SUSPICIOUS_MOVE = YES;
				CLANG_WARN_UNREACHABLE_CODE = YES;
				CLANG_WARN__DUPLICATE_METHOD_MATCH = YES;
				"CODE_SIGN_IDENTITY[sdk=iphoneos*]" = "iPhone Developer";
				COPY_PHASE_STRIP = NO;
				DEBUG_INFORMATION_FORMAT = "dwarf-with-dsym";
				ENABLE_NS_ASSERTIONS = NO;
				ENABLE_STRICT_OBJC_MSGSEND = YES;
				GCC_C_LANGUAGE_STANDARD = gnu99;
				GCC_NO_COMMON_BLOCKS = YES;
				GCC_WARN_64_TO_32_BIT_CONVERSION = YES;
				GCC_WARN_ABOUT_RETURN_TYPE = YES_ERROR;
				GCC_WARN_UNDECLARED_SELECTOR = YES;
				GCC_WARN_UNINITIALIZED_AUTOS = YES_AGGRESSIVE;
				GCC_WARN_UNUSED_FUNCTION = YES;
				GCC_WARN_UNUSED_VARIABLE = YES;
				IPHONEOS_DEPLOYMENT_TARGET = 10.3;
				MTL_ENABLE_DEBUG_INFO = NO;
				SDKROOT = iphoneos;
				VALIDATE_PRODUCT = YES;
			};
			name = Release;
		};
		077972BC1F39BB3C0078857E /* Debug */ = {
			isa = XCBuildConfiguration;
			baseConfigurationReference = 53BA529FF2D735C39A4D4389 /* Pods-OAuthTest.debug.xcconfig */;
			buildSettings = {
				ASSETCATALOG_COMPILER_APPICON_NAME = AppIcon;
				INFOPLIST_FILE = OAuthTest/Info.plist;
				IPHONEOS_DEPLOYMENT_TARGET = 8.4;
				LD_RUNPATH_SEARCH_PATHS = "$(inherited) @executable_path/Frameworks";
				PRODUCT_BUNDLE_IDENTIFIER = a.OAuthTest;
				PRODUCT_NAME = "$(TARGET_NAME)";
			};
			name = Debug;
		};
		077972BD1F39BB3C0078857E /* Release */ = {
			isa = XCBuildConfiguration;
			baseConfigurationReference = 3688C3231C7C635656E9CD2D /* Pods-OAuthTest.release.xcconfig */;
			buildSettings = {
				ASSETCATALOG_COMPILER_APPICON_NAME = AppIcon;
				INFOPLIST_FILE = OAuthTest/Info.plist;
				IPHONEOS_DEPLOYMENT_TARGET = 8.4;
				LD_RUNPATH_SEARCH_PATHS = "$(inherited) @executable_path/Frameworks";
				PRODUCT_BUNDLE_IDENTIFIER = a.OAuthTest;
				PRODUCT_NAME = "$(TARGET_NAME)";
			};
			name = Release;
		};
/* End XCBuildConfiguration section */

/* Begin XCConfigurationList section */
		0779729C1F39BB3C0078857E /* Build configuration list for PBXProject "OAuthTest" */ = {
			isa = XCConfigurationList;
			buildConfigurations = (
				077972B91F39BB3C0078857E /* Debug */,
				077972BA1F39BB3C0078857E /* Release */,
			);
			defaultConfigurationIsVisible = 0;
			defaultConfigurationName = Release;
		};
		077972BB1F39BB3C0078857E /* Build configuration list for PBXNativeTarget "OAuthTest" */ = {
			isa = XCConfigurationList;
			buildConfigurations = (
				077972BC1F39BB3C0078857E /* Debug */,
				077972BD1F39BB3C0078857E /* Release */,
			);
			defaultConfigurationIsVisible = 0;
			defaultConfigurationName = Release;
		};
/* End XCConfigurationList section */
	};
	rootObject = 077972991F39BB3C0078857E /* Project object */;
}
